// !$*UTF8*$!
{
	archiveVersion = 1;
	classes = {
	};
	objectVersion = 51;
	objects = {

/* Begin PBXBuildFile section */
		01279AD82399D3C600150652 /* GoogleService-Info.plist in Resources */ = {isa = PBXBuildFile; fileRef = 01279AD72399D3C600150652 /* GoogleService-Info.plist */; };
		2481B63F3EDBF23FE165AC4E /* Pods_QueDijoTests.framework in Frameworks */ = {isa = PBXBuildFile; fileRef = D499E5C4BAB48C369BED4A5C /* Pods_QueDijoTests.framework */; };
		2567A39F239CCBBA00352677 /* UIUtilities.swift in Sources */ = {isa = PBXBuildFile; fileRef = 2567A39E239CCBBA00352677 /* UIUtilities.swift */; };
		6587D99E23988A160082064E /* HomeTableViewController.swift in Sources */ = {isa = PBXBuildFile; fileRef = 6587D99D23988A160082064E /* HomeTableViewController.swift */; };
		6587D9A22399D7DB0082064E /* SpeechViewController.swift in Sources */ = {isa = PBXBuildFile; fileRef = 6587D9A12399D7DB0082064E /* SpeechViewController.swift */; };
		6587D9A42399D8420082064E /* PictureViewController.swift in Sources */ = {isa = PBXBuildFile; fileRef = 6587D9A32399D8420082064E /* PictureViewController.swift */; };
		6587D9A62399D84F0082064E /* RealTimeViewController.swift in Sources */ = {isa = PBXBuildFile; fileRef = 6587D9A52399D84F0082064E /* RealTimeViewController.swift */; };
		65FE49782397336E0002F4D5 /* AppDelegate.swift in Sources */ = {isa = PBXBuildFile; fileRef = 65FE49772397336E0002F4D5 /* AppDelegate.swift */; };
		65FE497A2397336E0002F4D5 /* ViewController.swift in Sources */ = {isa = PBXBuildFile; fileRef = 65FE49792397336E0002F4D5 /* ViewController.swift */; };
		65FE497D2397336E0002F4D5 /* Main.storyboard in Resources */ = {isa = PBXBuildFile; fileRef = 65FE497B2397336E0002F4D5 /* Main.storyboard */; };
		65FE497F239733700002F4D5 /* Assets.xcassets in Resources */ = {isa = PBXBuildFile; fileRef = 65FE497E239733700002F4D5 /* Assets.xcassets */; };
		65FE4982239733700002F4D5 /* LaunchScreen.storyboard in Resources */ = {isa = PBXBuildFile; fileRef = 65FE4980239733700002F4D5 /* LaunchScreen.storyboard */; };
		65FE498D239733700002F4D5 /* QueDijoTests.swift in Sources */ = {isa = PBXBuildFile; fileRef = 65FE498C239733700002F4D5 /* QueDijoTests.swift */; };
		65FE4998239733700002F4D5 /* QueDijoUITests.swift in Sources */ = {isa = PBXBuildFile; fileRef = 65FE4997239733700002F4D5 /* QueDijoUITests.swift */; };
		65FE49A82397454C0002F4D5 /* FormTextField.swift in Sources */ = {isa = PBXBuildFile; fileRef = 65FE49A72397454C0002F4D5 /* FormTextField.swift */; };
		89D204F6F7D9BC5A5F2C0015 /* Pods_QueDijo.framework in Frameworks */ = {isa = PBXBuildFile; fileRef = AFA6851D9493FAC3208FAB4E /* Pods_QueDijo.framework */; };
		B4367FDA3A25CFD40B1F8082 /* Pods_QueDijoUITests.framework in Frameworks */ = {isa = PBXBuildFile; fileRef = 1C0B705BF69B03DC41AD44BD /* Pods_QueDijoUITests.framework */; };
/* End PBXBuildFile section */

/* Begin PBXContainerItemProxy section */
		65FE4989239733700002F4D5 /* PBXContainerItemProxy */ = {
			isa = PBXContainerItemProxy;
			containerPortal = 65FE496C2397336E0002F4D5 /* Project object */;
			proxyType = 1;
			remoteGlobalIDString = 65FE49732397336E0002F4D5;
			remoteInfo = QueDijo;
		};
		65FE4994239733700002F4D5 /* PBXContainerItemProxy */ = {
			isa = PBXContainerItemProxy;
			containerPortal = 65FE496C2397336E0002F4D5 /* Project object */;
			proxyType = 1;
			remoteGlobalIDString = 65FE49732397336E0002F4D5;
			remoteInfo = QueDijo;
		};
/* End PBXContainerItemProxy section */

/* Begin PBXFileReference section */
		01279AD72399D3C600150652 /* GoogleService-Info.plist */ = {isa = PBXFileReference; fileEncoding = 4; lastKnownFileType = text.plist.xml; name = "GoogleService-Info.plist"; path = "../../../../../Downloads/GoogleService-Info.plist"; sourceTree = "<group>"; };
		1C0B705BF69B03DC41AD44BD /* Pods_QueDijoUITests.framework */ = {isa = PBXFileReference; explicitFileType = wrapper.framework; includeInIndex = 0; path = Pods_QueDijoUITests.framework; sourceTree = BUILT_PRODUCTS_DIR; };
		2567A39E239CCBBA00352677 /* UIUtilities.swift */ = {isa = PBXFileReference; lastKnownFileType = sourcecode.swift; path = UIUtilities.swift; sourceTree = "<group>"; };
		29CD795B406D8EFDD2DB7B89 /* Pods-QueDijoUITests.debug.xcconfig */ = {isa = PBXFileReference; includeInIndex = 1; lastKnownFileType = text.xcconfig; name = "Pods-QueDijoUITests.debug.xcconfig"; path = "Target Support Files/Pods-QueDijoUITests/Pods-QueDijoUITests.debug.xcconfig"; sourceTree = "<group>"; };
		6038BE0CB57C619AA659A841 /* Pods-QueDijoTests.debug.xcconfig */ = {isa = PBXFileReference; includeInIndex = 1; lastKnownFileType = text.xcconfig; name = "Pods-QueDijoTests.debug.xcconfig"; path = "Target Support Files/Pods-QueDijoTests/Pods-QueDijoTests.debug.xcconfig"; sourceTree = "<group>"; };
		6587D99D23988A160082064E /* HomeTableViewController.swift */ = {isa = PBXFileReference; lastKnownFileType = sourcecode.swift; path = HomeTableViewController.swift; sourceTree = "<group>"; };
		6587D9A12399D7DB0082064E /* SpeechViewController.swift */ = {isa = PBXFileReference; lastKnownFileType = sourcecode.swift; path = SpeechViewController.swift; sourceTree = "<group>"; };
		6587D9A32399D8420082064E /* PictureViewController.swift */ = {isa = PBXFileReference; lastKnownFileType = sourcecode.swift; path = PictureViewController.swift; sourceTree = "<group>"; };
		6587D9A52399D84F0082064E /* RealTimeViewController.swift */ = {isa = PBXFileReference; lastKnownFileType = sourcecode.swift; path = RealTimeViewController.swift; sourceTree = "<group>"; };
		65FE49742397336E0002F4D5 /* QueDijo.app */ = {isa = PBXFileReference; explicitFileType = wrapper.application; includeInIndex = 0; path = QueDijo.app; sourceTree = BUILT_PRODUCTS_DIR; };
		65FE49772397336E0002F4D5 /* AppDelegate.swift */ = {isa = PBXFileReference; lastKnownFileType = sourcecode.swift; path = AppDelegate.swift; sourceTree = "<group>"; };
		65FE49792397336E0002F4D5 /* ViewController.swift */ = {isa = PBXFileReference; lastKnownFileType = sourcecode.swift; path = ViewController.swift; sourceTree = "<group>"; };
		65FE497C2397336E0002F4D5 /* Base */ = {isa = PBXFileReference; lastKnownFileType = file.storyboard; name = Base; path = Base.lproj/Main.storyboard; sourceTree = "<group>"; };
		65FE497E239733700002F4D5 /* Assets.xcassets */ = {isa = PBXFileReference; lastKnownFileType = folder.assetcatalog; path = Assets.xcassets; sourceTree = "<group>"; };
		65FE4981239733700002F4D5 /* Base */ = {isa = PBXFileReference; lastKnownFileType = file.storyboard; name = Base; path = Base.lproj/LaunchScreen.storyboard; sourceTree = "<group>"; };
		65FE4983239733700002F4D5 /* Info.plist */ = {isa = PBXFileReference; lastKnownFileType = text.plist.xml; path = Info.plist; sourceTree = "<group>"; };
		65FE4988239733700002F4D5 /* QueDijoTests.xctest */ = {isa = PBXFileReference; explicitFileType = wrapper.cfbundle; includeInIndex = 0; path = QueDijoTests.xctest; sourceTree = BUILT_PRODUCTS_DIR; };
		65FE498C239733700002F4D5 /* QueDijoTests.swift */ = {isa = PBXFileReference; lastKnownFileType = sourcecode.swift; path = QueDijoTests.swift; sourceTree = "<group>"; };
		65FE498E239733700002F4D5 /* Info.plist */ = {isa = PBXFileReference; lastKnownFileType = text.plist.xml; path = Info.plist; sourceTree = "<group>"; };
		65FE4993239733700002F4D5 /* QueDijoUITests.xctest */ = {isa = PBXFileReference; explicitFileType = wrapper.cfbundle; includeInIndex = 0; path = QueDijoUITests.xctest; sourceTree = BUILT_PRODUCTS_DIR; };
		65FE4997239733700002F4D5 /* QueDijoUITests.swift */ = {isa = PBXFileReference; lastKnownFileType = sourcecode.swift; path = QueDijoUITests.swift; sourceTree = "<group>"; };
		65FE4999239733700002F4D5 /* Info.plist */ = {isa = PBXFileReference; lastKnownFileType = text.plist.xml; path = Info.plist; sourceTree = "<group>"; };
		65FE49A72397454C0002F4D5 /* FormTextField.swift */ = {isa = PBXFileReference; lastKnownFileType = sourcecode.swift; path = FormTextField.swift; sourceTree = "<group>"; };
		A1070AB6CFD441CE7E9C8170 /* Pods-QueDijoUITests.release.xcconfig */ = {isa = PBXFileReference; includeInIndex = 1; lastKnownFileType = text.xcconfig; name = "Pods-QueDijoUITests.release.xcconfig"; path = "Target Support Files/Pods-QueDijoUITests/Pods-QueDijoUITests.release.xcconfig"; sourceTree = "<group>"; };
		AFA6851D9493FAC3208FAB4E /* Pods_QueDijo.framework */ = {isa = PBXFileReference; explicitFileType = wrapper.framework; includeInIndex = 0; path = Pods_QueDijo.framework; sourceTree = BUILT_PRODUCTS_DIR; };
		CC0CD682121D7F7015A1B0B0 /* Pods-QueDijoTests.release.xcconfig */ = {isa = PBXFileReference; includeInIndex = 1; lastKnownFileType = text.xcconfig; name = "Pods-QueDijoTests.release.xcconfig"; path = "Target Support Files/Pods-QueDijoTests/Pods-QueDijoTests.release.xcconfig"; sourceTree = "<group>"; };
		D2B77D8A7633373F044333F9 /* Pods-QueDijo.release.xcconfig */ = {isa = PBXFileReference; includeInIndex = 1; lastKnownFileType = text.xcconfig; name = "Pods-QueDijo.release.xcconfig"; path = "Target Support Files/Pods-QueDijo/Pods-QueDijo.release.xcconfig"; sourceTree = "<group>"; };
		D499E5C4BAB48C369BED4A5C /* Pods_QueDijoTests.framework */ = {isa = PBXFileReference; explicitFileType = wrapper.framework; includeInIndex = 0; path = Pods_QueDijoTests.framework; sourceTree = BUILT_PRODUCTS_DIR; };
		EA4FBAB865F5A78D401CF431 /* Pods-QueDijo.debug.xcconfig */ = {isa = PBXFileReference; includeInIndex = 1; lastKnownFileType = text.xcconfig; name = "Pods-QueDijo.debug.xcconfig"; path = "Target Support Files/Pods-QueDijo/Pods-QueDijo.debug.xcconfig"; sourceTree = "<group>"; };
/* End PBXFileReference section */

/* Begin PBXFrameworksBuildPhase section */
		65FE49712397336E0002F4D5 /* Frameworks */ = {
			isa = PBXFrameworksBuildPhase;
			buildActionMask = 2147483647;
			files = (
				89D204F6F7D9BC5A5F2C0015 /* Pods_QueDijo.framework in Frameworks */,
			);
			runOnlyForDeploymentPostprocessing = 0;
		};
		65FE4985239733700002F4D5 /* Frameworks */ = {
			isa = PBXFrameworksBuildPhase;
			buildActionMask = 2147483647;
			files = (
				2481B63F3EDBF23FE165AC4E /* Pods_QueDijoTests.framework in Frameworks */,
			);
			runOnlyForDeploymentPostprocessing = 0;
		};
		65FE4990239733700002F4D5 /* Frameworks */ = {
			isa = PBXFrameworksBuildPhase;
			buildActionMask = 2147483647;
			files = (
				B4367FDA3A25CFD40B1F8082 /* Pods_QueDijoUITests.framework in Frameworks */,
			);
			runOnlyForDeploymentPostprocessing = 0;
		};
/* End PBXFrameworksBuildPhase section */

/* Begin PBXGroup section */
		25CC0B41C805335001850270 /* Pods */ = {
			isa = PBXGroup;
			children = (
				EA4FBAB865F5A78D401CF431 /* Pods-QueDijo.debug.xcconfig */,
				D2B77D8A7633373F044333F9 /* Pods-QueDijo.release.xcconfig */,
				6038BE0CB57C619AA659A841 /* Pods-QueDijoTests.debug.xcconfig */,
				CC0CD682121D7F7015A1B0B0 /* Pods-QueDijoTests.release.xcconfig */,
				29CD795B406D8EFDD2DB7B89 /* Pods-QueDijoUITests.debug.xcconfig */,
				A1070AB6CFD441CE7E9C8170 /* Pods-QueDijoUITests.release.xcconfig */,
			);
			path = Pods;
			sourceTree = "<group>";
		};
		65FE496B2397336E0002F4D5 = {
			isa = PBXGroup;
			children = (
				65FE49762397336E0002F4D5 /* QueDijo */,
				65FE498B239733700002F4D5 /* QueDijoTests */,
				65FE4996239733700002F4D5 /* QueDijoUITests */,
				65FE49752397336E0002F4D5 /* Products */,
				25CC0B41C805335001850270 /* Pods */,
				DCFADCF40BBAA8AB895843C7 /* Frameworks */,
			);
			sourceTree = "<group>";
		};
		65FE49752397336E0002F4D5 /* Products */ = {
			isa = PBXGroup;
			children = (
				65FE49742397336E0002F4D5 /* QueDijo.app */,
				65FE4988239733700002F4D5 /* QueDijoTests.xctest */,
				65FE4993239733700002F4D5 /* QueDijoUITests.xctest */,
			);
			name = Products;
			sourceTree = "<group>";
		};
		65FE49762397336E0002F4D5 /* QueDijo */ = {
			isa = PBXGroup;
			children = (
				65FE49772397336E0002F4D5 /* AppDelegate.swift */,
				01279AD72399D3C600150652 /* GoogleService-Info.plist */,
				65FE49792397336E0002F4D5 /* ViewController.swift */,
				65FE497B2397336E0002F4D5 /* Main.storyboard */,
				65FE497E239733700002F4D5 /* Assets.xcassets */,
				65FE4980239733700002F4D5 /* LaunchScreen.storyboard */,
				65FE4983239733700002F4D5 /* Info.plist */,
				65FE49A72397454C0002F4D5 /* FormTextField.swift */,
				6587D99D23988A160082064E /* HomeTableViewController.swift */,
				6587D9A12399D7DB0082064E /* SpeechViewController.swift */,
				6587D9A32399D8420082064E /* PictureViewController.swift */,
				6587D9A52399D84F0082064E /* RealTimeViewController.swift */,
				2567A39E239CCBBA00352677 /* UIUtilities.swift */,
			);
			path = QueDijo;
			sourceTree = "<group>";
		};
		65FE498B239733700002F4D5 /* QueDijoTests */ = {
			isa = PBXGroup;
			children = (
				65FE498C239733700002F4D5 /* QueDijoTests.swift */,
				65FE498E239733700002F4D5 /* Info.plist */,
			);
			path = QueDijoTests;
			sourceTree = "<group>";
		};
		65FE4996239733700002F4D5 /* QueDijoUITests */ = {
			isa = PBXGroup;
			children = (
				65FE4997239733700002F4D5 /* QueDijoUITests.swift */,
				65FE4999239733700002F4D5 /* Info.plist */,
			);
			path = QueDijoUITests;
			sourceTree = "<group>";
		};
		DCFADCF40BBAA8AB895843C7 /* Frameworks */ = {
			isa = PBXGroup;
			children = (
				AFA6851D9493FAC3208FAB4E /* Pods_QueDijo.framework */,
				D499E5C4BAB48C369BED4A5C /* Pods_QueDijoTests.framework */,
				1C0B705BF69B03DC41AD44BD /* Pods_QueDijoUITests.framework */,
			);
			name = Frameworks;
			sourceTree = "<group>";
		};
/* End PBXGroup section */

/* Begin PBXNativeTarget section */
		65FE49732397336E0002F4D5 /* QueDijo */ = {
			isa = PBXNativeTarget;
			buildConfigurationList = 65FE499C239733700002F4D5 /* Build configuration list for PBXNativeTarget "QueDijo" */;
			buildPhases = (
				C6A4DB4026EAEC9B1917B9B0 /* [CP] Check Pods Manifest.lock */,
				65FE49702397336E0002F4D5 /* Sources */,
				65FE49712397336E0002F4D5 /* Frameworks */,
				65FE49722397336E0002F4D5 /* Resources */,
				60E5EB5F3D1DD2E01E90C84A /* [CP] Embed Pods Frameworks */,
			);
			buildRules = (
			);
			dependencies = (
			);
			name = QueDijo;
			productName = QueDijo;
			productReference = 65FE49742397336E0002F4D5 /* QueDijo.app */;
			productType = "com.apple.product-type.application";
		};
		65FE4987239733700002F4D5 /* QueDijoTests */ = {
			isa = PBXNativeTarget;
			buildConfigurationList = 65FE499F239733700002F4D5 /* Build configuration list for PBXNativeTarget "QueDijoTests" */;
			buildPhases = (
				746943BC91F0B4383D20D6C7 /* [CP] Check Pods Manifest.lock */,
				65FE4984239733700002F4D5 /* Sources */,
				65FE4985239733700002F4D5 /* Frameworks */,
				65FE4986239733700002F4D5 /* Resources */,
			);
			buildRules = (
			);
			dependencies = (
				65FE498A239733700002F4D5 /* PBXTargetDependency */,
			);
			name = QueDijoTests;
			productName = QueDijoTests;
			productReference = 65FE4988239733700002F4D5 /* QueDijoTests.xctest */;
			productType = "com.apple.product-type.bundle.unit-test";
		};
		65FE4992239733700002F4D5 /* QueDijoUITests */ = {
			isa = PBXNativeTarget;
			buildConfigurationList = 65FE49A2239733700002F4D5 /* Build configuration list for PBXNativeTarget "QueDijoUITests" */;
			buildPhases = (
				1ED96C11EEFA743A0F2CC5CF /* [CP] Check Pods Manifest.lock */,
				65FE498F239733700002F4D5 /* Sources */,
				65FE4990239733700002F4D5 /* Frameworks */,
				65FE4991239733700002F4D5 /* Resources */,
			);
			buildRules = (
			);
			dependencies = (
				65FE4995239733700002F4D5 /* PBXTargetDependency */,
			);
			name = QueDijoUITests;
			productName = QueDijoUITests;
			productReference = 65FE4993239733700002F4D5 /* QueDijoUITests.xctest */;
			productType = "com.apple.product-type.bundle.ui-testing";
		};
/* End PBXNativeTarget section */

/* Begin PBXProject section */
		65FE496C2397336E0002F4D5 /* Project object */ = {
			isa = PBXProject;
			attributes = {
				LastSwiftUpdateCheck = 0940;
				LastUpgradeCheck = 0940;
				ORGANIZATIONNAME = "Andrea Amezcua Moreno";
				TargetAttributes = {
					65FE49732397336E0002F4D5 = {
						CreatedOnToolsVersion = 9.4.1;
					};
					65FE4987239733700002F4D5 = {
						CreatedOnToolsVersion = 9.4.1;
						TestTargetID = 65FE49732397336E0002F4D5;
					};
					65FE4992239733700002F4D5 = {
						CreatedOnToolsVersion = 9.4.1;
						TestTargetID = 65FE49732397336E0002F4D5;
					};
				};
			};
			buildConfigurationList = 65FE496F2397336E0002F4D5 /* Build configuration list for PBXProject "QueDijo" */;
			compatibilityVersion = "Xcode 9.3";
			developmentRegion = en;
			hasScannedForEncodings = 0;
			knownRegions = (
				en,
				Base,
			);
			mainGroup = 65FE496B2397336E0002F4D5;
			productRefGroup = 65FE49752397336E0002F4D5 /* Products */;
			projectDirPath = "";
			projectRoot = "";
			targets = (
				65FE49732397336E0002F4D5 /* QueDijo */,
				65FE4987239733700002F4D5 /* QueDijoTests */,
				65FE4992239733700002F4D5 /* QueDijoUITests */,
			);
		};
/* End PBXProject section */

/* Begin PBXResourcesBuildPhase section */
		65FE49722397336E0002F4D5 /* Resources */ = {
			isa = PBXResourcesBuildPhase;
			buildActionMask = 2147483647;
			files = (
				65FE4982239733700002F4D5 /* LaunchScreen.storyboard in Resources */,
				01279AD82399D3C600150652 /* GoogleService-Info.plist in Resources */,
				65FE497F239733700002F4D5 /* Assets.xcassets in Resources */,
				65FE497D2397336E0002F4D5 /* Main.storyboard in Resources */,
			);
			runOnlyForDeploymentPostprocessing = 0;
		};
		65FE4986239733700002F4D5 /* Resources */ = {
			isa = PBXResourcesBuildPhase;
			buildActionMask = 2147483647;
			files = (
			);
			runOnlyForDeploymentPostprocessing = 0;
		};
		65FE4991239733700002F4D5 /* Resources */ = {
			isa = PBXResourcesBuildPhase;
			buildActionMask = 2147483647;
			files = (
			);
			runOnlyForDeploymentPostprocessing = 0;
		};
/* End PBXResourcesBuildPhase section */

/* Begin PBXShellScriptBuildPhase section */
		1ED96C11EEFA743A0F2CC5CF /* [CP] Check Pods Manifest.lock */ = {
			isa = PBXShellScriptBuildPhase;
			buildActionMask = 2147483647;
			files = (
			);
			inputFileListPaths = (
			);
			inputPaths = (
				"${PODS_PODFILE_DIR_PATH}/Podfile.lock",
				"${PODS_ROOT}/Manifest.lock",
			);
			name = "[CP] Check Pods Manifest.lock";
			outputFileListPaths = (
			);
			outputPaths = (
				"$(DERIVED_FILE_DIR)/Pods-QueDijoUITests-checkManifestLockResult.txt",
			);
			runOnlyForDeploymentPostprocessing = 0;
			shellPath = /bin/sh;
			shellScript = "diff \"${PODS_PODFILE_DIR_PATH}/Podfile.lock\" \"${PODS_ROOT}/Manifest.lock\" > /dev/null\nif [ $? != 0 ] ; then\n    # print error to STDERR\n    echo \"error: The sandbox is not in sync with the Podfile.lock. Run 'pod install' or update your CocoaPods installation.\" >&2\n    exit 1\nfi\n# This output is used by Xcode 'outputs' to avoid re-running this script phase.\necho \"SUCCESS\" > \"${SCRIPT_OUTPUT_FILE_0}\"\n";
			showEnvVarsInLog = 0;
		};
		60E5EB5F3D1DD2E01E90C84A /* [CP] Embed Pods Frameworks */ = {
			isa = PBXShellScriptBuildPhase;
			buildActionMask = 2147483647;
			files = (
			);
			inputFileListPaths = (
				"${PODS_ROOT}/Target Support Files/Pods-QueDijo/Pods-QueDijo-frameworks-${CONFIGURATION}-input-files.xcfilelist",
			);
			name = "[CP] Embed Pods Frameworks";
			outputFileListPaths = (
				"${PODS_ROOT}/Target Support Files/Pods-QueDijo/Pods-QueDijo-frameworks-${CONFIGURATION}-output-files.xcfilelist",
			);
			runOnlyForDeploymentPostprocessing = 0;
			shellPath = /bin/sh;
			shellScript = "\"${PODS_ROOT}/Target Support Files/Pods-QueDijo/Pods-QueDijo-frameworks.sh\"\n";
			showEnvVarsInLog = 0;
		};
		746943BC91F0B4383D20D6C7 /* [CP] Check Pods Manifest.lock */ = {
			isa = PBXShellScriptBuildPhase;
			buildActionMask = 2147483647;
			files = (
			);
			inputFileListPaths = (
			);
			inputPaths = (
				"${PODS_PODFILE_DIR_PATH}/Podfile.lock",
				"${PODS_ROOT}/Manifest.lock",
			);
			name = "[CP] Check Pods Manifest.lock";
			outputFileListPaths = (
			);
			outputPaths = (
				"$(DERIVED_FILE_DIR)/Pods-QueDijoTests-checkManifestLockResult.txt",
			);
			runOnlyForDeploymentPostprocessing = 0;
			shellPath = /bin/sh;
			shellScript = "diff \"${PODS_PODFILE_DIR_PATH}/Podfile.lock\" \"${PODS_ROOT}/Manifest.lock\" > /dev/null\nif [ $? != 0 ] ; then\n    # print error to STDERR\n    echo \"error: The sandbox is not in sync with the Podfile.lock. Run 'pod install' or update your CocoaPods installation.\" >&2\n    exit 1\nfi\n# This output is used by Xcode 'outputs' to avoid re-running this script phase.\necho \"SUCCESS\" > \"${SCRIPT_OUTPUT_FILE_0}\"\n";
			showEnvVarsInLog = 0;
		};
		C6A4DB4026EAEC9B1917B9B0 /* [CP] Check Pods Manifest.lock */ = {
			isa = PBXShellScriptBuildPhase;
			buildActionMask = 2147483647;
			files = (
			);
			inputFileListPaths = (
			);
			inputPaths = (
				"${PODS_PODFILE_DIR_PATH}/Podfile.lock",
				"${PODS_ROOT}/Manifest.lock",
			);
			name = "[CP] Check Pods Manifest.lock";
			outputFileListPaths = (
			);
			outputPaths = (
				"$(DERIVED_FILE_DIR)/Pods-QueDijo-checkManifestLockResult.txt",
			);
			runOnlyForDeploymentPostprocessing = 0;
			shellPath = /bin/sh;
			shellScript = "diff \"${PODS_PODFILE_DIR_PATH}/Podfile.lock\" \"${PODS_ROOT}/Manifest.lock\" > /dev/null\nif [ $? != 0 ] ; then\n    # print error to STDERR\n    echo \"error: The sandbox is not in sync with the Podfile.lock. Run 'pod install' or update your CocoaPods installation.\" >&2\n    exit 1\nfi\n# This output is used by Xcode 'outputs' to avoid re-running this script phase.\necho \"SUCCESS\" > \"${SCRIPT_OUTPUT_FILE_0}\"\n";
			showEnvVarsInLog = 0;
		};
/* End PBXShellScriptBuildPhase section */

/* Begin PBXSourcesBuildPhase section */
		65FE49702397336E0002F4D5 /* Sources */ = {
			isa = PBXSourcesBuildPhase;
			buildActionMask = 2147483647;
			files = (
				6587D9A62399D84F0082064E /* RealTimeViewController.swift in Sources */,
				6587D99E23988A160082064E /* HomeTableViewController.swift in Sources */,
				6587D9A42399D8420082064E /* PictureViewController.swift in Sources */,
				6587D9A22399D7DB0082064E /* SpeechViewController.swift in Sources */,
				65FE497A2397336E0002F4D5 /* ViewController.swift in Sources */,
				65FE49A82397454C0002F4D5 /* FormTextField.swift in Sources */,
				2567A39F239CCBBA00352677 /* UIUtilities.swift in Sources */,
				65FE49782397336E0002F4D5 /* AppDelegate.swift in Sources */,
			);
			runOnlyForDeploymentPostprocessing = 0;
		};
		65FE4984239733700002F4D5 /* Sources */ = {
			isa = PBXSourcesBuildPhase;
			buildActionMask = 2147483647;
			files = (
				65FE498D239733700002F4D5 /* QueDijoTests.swift in Sources */,
			);
			runOnlyForDeploymentPostprocessing = 0;
		};
		65FE498F239733700002F4D5 /* Sources */ = {
			isa = PBXSourcesBuildPhase;
			buildActionMask = 2147483647;
			files = (
				65FE4998239733700002F4D5 /* QueDijoUITests.swift in Sources */,
			);
			runOnlyForDeploymentPostprocessing = 0;
		};
/* End PBXSourcesBuildPhase section */

/* Begin PBXTargetDependency section */
		65FE498A239733700002F4D5 /* PBXTargetDependency */ = {
			isa = PBXTargetDependency;
			target = 65FE49732397336E0002F4D5 /* QueDijo */;
			targetProxy = 65FE4989239733700002F4D5 /* PBXContainerItemProxy */;
		};
		65FE4995239733700002F4D5 /* PBXTargetDependency */ = {
			isa = PBXTargetDependency;
			target = 65FE49732397336E0002F4D5 /* QueDijo */;
			targetProxy = 65FE4994239733700002F4D5 /* PBXContainerItemProxy */;
		};
/* End PBXTargetDependency section */

/* Begin PBXVariantGroup section */
		65FE497B2397336E0002F4D5 /* Main.storyboard */ = {
			isa = PBXVariantGroup;
			children = (
				65FE497C2397336E0002F4D5 /* Base */,
			);
			name = Main.storyboard;
			sourceTree = "<group>";
		};
		65FE4980239733700002F4D5 /* LaunchScreen.storyboard */ = {
			isa = PBXVariantGroup;
			children = (
				65FE4981239733700002F4D5 /* Base */,
			);
			name = LaunchScreen.storyboard;
			sourceTree = "<group>";
		};
/* End PBXVariantGroup section */

/* Begin XCBuildConfiguration section */
		65FE499A239733700002F4D5 /* Debug */ = {
			isa = XCBuildConfiguration;
			buildSettings = {
				ALWAYS_SEARCH_USER_PATHS = NO;
				CLANG_ANALYZER_NONNULL = YES;
				CLANG_ANALYZER_NUMBER_OBJECT_CONVERSION = YES_AGGRESSIVE;
				CLANG_CXX_LANGUAGE_STANDARD = "gnu++14";
				CLANG_CXX_LIBRARY = "libc++";
				CLANG_ENABLE_MODULES = YES;
				CLANG_ENABLE_OBJC_ARC = YES;
				CLANG_ENABLE_OBJC_WEAK = YES;
				CLANG_WARN_BLOCK_CAPTURE_AUTORELEASING = YES;
				CLANG_WARN_BOOL_CONVERSION = YES;
				CLANG_WARN_COMMA = YES;
				CLANG_WARN_CONSTANT_CONVERSION = YES;
				CLANG_WARN_DEPRECATED_OBJC_IMPLEMENTATIONS = YES;
				CLANG_WARN_DIRECT_OBJC_ISA_USAGE = YES_ERROR;
				CLANG_WARN_DOCUMENTATION_COMMENTS = YES;
				CLANG_WARN_EMPTY_BODY = YES;
				CLANG_WARN_ENUM_CONVERSION = YES;
				CLANG_WARN_INFINITE_RECURSION = YES;
				CLANG_WARN_INT_CONVERSION = YES;
				CLANG_WARN_NON_LITERAL_NULL_CONVERSION = YES;
				CLANG_WARN_OBJC_IMPLICIT_RETAIN_SELF = YES;
				CLANG_WARN_OBJC_LITERAL_CONVERSION = YES;
				CLANG_WARN_OBJC_ROOT_CLASS = YES_ERROR;
				CLANG_WARN_RANGE_LOOP_ANALYSIS = YES;
				CLANG_WARN_STRICT_PROTOTYPES = YES;
				CLANG_WARN_SUSPICIOUS_MOVE = YES;
				CLANG_WARN_UNGUARDED_AVAILABILITY = YES_AGGRESSIVE;
				CLANG_WARN_UNREACHABLE_CODE = YES;
				CLANG_WARN__DUPLICATE_METHOD_MATCH = YES;
				CODE_SIGN_IDENTITY = "iPhone Developer";
				COPY_PHASE_STRIP = NO;
				DEBUG_INFORMATION_FORMAT = dwarf;
				ENABLE_STRICT_OBJC_MSGSEND = YES;
				ENABLE_TESTABILITY = YES;
				GCC_C_LANGUAGE_STANDARD = gnu11;
				GCC_DYNAMIC_NO_PIC = NO;
				GCC_NO_COMMON_BLOCKS = YES;
				GCC_OPTIMIZATION_LEVEL = 0;
				GCC_PREPROCESSOR_DEFINITIONS = (
					"DEBUG=1",
					"$(inherited)",
				);
				GCC_WARN_64_TO_32_BIT_CONVERSION = YES;
				GCC_WARN_ABOUT_RETURN_TYPE = YES_ERROR;
				GCC_WARN_UNDECLARED_SELECTOR = YES;
				GCC_WARN_UNINITIALIZED_AUTOS = YES_AGGRESSIVE;
				GCC_WARN_UNUSED_FUNCTION = YES;
				GCC_WARN_UNUSED_VARIABLE = YES;
				IPHONEOS_DEPLOYMENT_TARGET = 11.4;
				MTL_ENABLE_DEBUG_INFO = YES;
				ONLY_ACTIVE_ARCH = YES;
				SDKROOT = iphoneos;
				SWIFT_ACTIVE_COMPILATION_CONDITIONS = DEBUG;
				SWIFT_OPTIMIZATION_LEVEL = "-Onone";
			};
			name = Debug;
		};
		65FE499B239733700002F4D5 /* Release */ = {
			isa = XCBuildConfiguration;
			buildSettings = {
				ALWAYS_SEARCH_USER_PATHS = NO;
				CLANG_ANALYZER_NONNULL = YES;
				CLANG_ANALYZER_NUMBER_OBJECT_CONVERSION = YES_AGGRESSIVE;
				CLANG_CXX_LANGUAGE_STANDARD = "gnu++14";
				CLANG_CXX_LIBRARY = "libc++";
				CLANG_ENABLE_MODULES = YES;
				CLANG_ENABLE_OBJC_ARC = YES;
				CLANG_ENABLE_OBJC_WEAK = YES;
				CLANG_WARN_BLOCK_CAPTURE_AUTORELEASING = YES;
				CLANG_WARN_BOOL_CONVERSION = YES;
				CLANG_WARN_COMMA = YES;
				CLANG_WARN_CONSTANT_CONVERSION = YES;
				CLANG_WARN_DEPRECATED_OBJC_IMPLEMENTATIONS = YES;
				CLANG_WARN_DIRECT_OBJC_ISA_USAGE = YES_ERROR;
				CLANG_WARN_DOCUMENTATION_COMMENTS = YES;
				CLANG_WARN_EMPTY_BODY = YES;
				CLANG_WARN_ENUM_CONVERSION = YES;
				CLANG_WARN_INFINITE_RECURSION = YES;
				CLANG_WARN_INT_CONVERSION = YES;
				CLANG_WARN_NON_LITERAL_NULL_CONVERSION = YES;
				CLANG_WARN_OBJC_IMPLICIT_RETAIN_SELF = YES;
				CLANG_WARN_OBJC_LITERAL_CONVERSION = YES;
				CLANG_WARN_OBJC_ROOT_CLASS = YES_ERROR;
				CLANG_WARN_RANGE_LOOP_ANALYSIS = YES;
				CLANG_WARN_STRICT_PROTOTYPES = YES;
				CLANG_WARN_SUSPICIOUS_MOVE = YES;
				CLANG_WARN_UNGUARDED_AVAILABILITY = YES_AGGRESSIVE;
				CLANG_WARN_UNREACHABLE_CODE = YES;
				CLANG_WARN__DUPLICATE_METHOD_MATCH = YES;
				CODE_SIGN_IDENTITY = "iPhone Developer";
				COPY_PHASE_STRIP = NO;
				DEBUG_INFORMATION_FORMAT = "dwarf-with-dsym";
				ENABLE_NS_ASSERTIONS = NO;
				ENABLE_STRICT_OBJC_MSGSEND = YES;
				GCC_C_LANGUAGE_STANDARD = gnu11;
				GCC_NO_COMMON_BLOCKS = YES;
				GCC_WARN_64_TO_32_BIT_CONVERSION = YES;
				GCC_WARN_ABOUT_RETURN_TYPE = YES_ERROR;
				GCC_WARN_UNDECLARED_SELECTOR = YES;
				GCC_WARN_UNINITIALIZED_AUTOS = YES_AGGRESSIVE;
				GCC_WARN_UNUSED_FUNCTION = YES;
				GCC_WARN_UNUSED_VARIABLE = YES;
				IPHONEOS_DEPLOYMENT_TARGET = 11.4;
				MTL_ENABLE_DEBUG_INFO = NO;
				SDKROOT = iphoneos;
				SWIFT_COMPILATION_MODE = wholemodule;
				SWIFT_OPTIMIZATION_LEVEL = "-O";
				VALIDATE_PRODUCT = YES;
			};
			name = Release;
		};
		65FE499D239733700002F4D5 /* Debug */ = {
			isa = XCBuildConfiguration;
			baseConfigurationReference = EA4FBAB865F5A78D401CF431 /* Pods-QueDijo.debug.xcconfig */;
			buildSettings = {
				ASSETCATALOG_COMPILER_APPICON_NAME = AppIcon;
				CODE_SIGN_STYLE = Automatic;
				INFOPLIST_FILE = QueDijo/Info.plist;
				LD_RUNPATH_SEARCH_PATHS = (
					"$(inherited)",
					"@executable_path/Frameworks",
				);
				PRODUCT_BUNDLE_IDENTIFIER = AndreaAmezcua.QueDijo;
				PRODUCT_NAME = "$(TARGET_NAME)";
				SWIFT_VERSION = 4.0;
				TARGETED_DEVICE_FAMILY = "1,2";
			};
			name = Debug;
		};
		65FE499E239733700002F4D5 /* Release */ = {
			isa = XCBuildConfiguration;
			baseConfigurationReference = D2B77D8A7633373F044333F9 /* Pods-QueDijo.release.xcconfig */;
			buildSettings = {
				ASSETCATALOG_COMPILER_APPICON_NAME = AppIcon;
				CODE_SIGN_STYLE = Automatic;
				INFOPLIST_FILE = QueDijo/Info.plist;
				LD_RUNPATH_SEARCH_PATHS = (
					"$(inherited)",
					"@executable_path/Frameworks",
				);
				PRODUCT_BUNDLE_IDENTIFIER = AndreaAmezcua.QueDijo;
				PRODUCT_NAME = "$(TARGET_NAME)";
				SWIFT_VERSION = 4.0;
				TARGETED_DEVICE_FAMILY = "1,2";
			};
			name = Release;
		};
		65FE49A0239733700002F4D5 /* Debug */ = {
			isa = XCBuildConfiguration;
			baseConfigurationReference = 6038BE0CB57C619AA659A841 /* Pods-QueDijoTests.debug.xcconfig */;
			buildSettings = {
				ALWAYS_EMBED_SWIFT_STANDARD_LIBRARIES = YES;
				BUNDLE_LOADER = "$(TEST_HOST)";
				CODE_SIGN_STYLE = Automatic;
				INFOPLIST_FILE = QueDijoTests/Info.plist;
				LD_RUNPATH_SEARCH_PATHS = (
					"$(inherited)",
					"@executable_path/Frameworks",
					"@loader_path/Frameworks",
				);
				PRODUCT_BUNDLE_IDENTIFIER = AndreaAmezcua.QueDijoTests;
				PRODUCT_NAME = "$(TARGET_NAME)";
				SWIFT_VERSION = 4.0;
				TARGETED_DEVICE_FAMILY = "1,2";
				TEST_HOST = "$(BUILT_PRODUCTS_DIR)/QueDijo.app/QueDijo";
			};
			name = Debug;
		};
		65FE49A1239733700002F4D5 /* Release */ = {
			isa = XCBuildConfiguration;
			baseConfigurationReference = CC0CD682121D7F7015A1B0B0 /* Pods-QueDijoTests.release.xcconfig */;
			buildSettings = {
				ALWAYS_EMBED_SWIFT_STANDARD_LIBRARIES = YES;
				BUNDLE_LOADER = "$(TEST_HOST)";
				CODE_SIGN_STYLE = Automatic;
				INFOPLIST_FILE = QueDijoTests/Info.plist;
				LD_RUNPATH_SEARCH_PATHS = (
					"$(inherited)",
					"@executable_path/Frameworks",
					"@loader_path/Frameworks",
				);
				PRODUCT_BUNDLE_IDENTIFIER = AndreaAmezcua.QueDijoTests;
				PRODUCT_NAME = "$(TARGET_NAME)";
				SWIFT_VERSION = 4.0;
				TARGETED_DEVICE_FAMILY = "1,2";
				TEST_HOST = "$(BUILT_PRODUCTS_DIR)/QueDijo.app/QueDijo";
			};
			name = Release;
		};
		65FE49A3239733700002F4D5 /* Debug */ = {
			isa = XCBuildConfiguration;
			baseConfigurationReference = 29CD795B406D8EFDD2DB7B89 /* Pods-QueDijoUITests.debug.xcconfig */;
			buildSettings = {
				ALWAYS_EMBED_SWIFT_STANDARD_LIBRARIES = YES;
				CODE_SIGN_STYLE = Automatic;
				INFOPLIST_FILE = QueDijoUITests/Info.plist;
				LD_RUNPATH_SEARCH_PATHS = (
					"$(inherited)",
					"@executable_path/Frameworks",
					"@loader_path/Frameworks",
				);
				PRODUCT_BUNDLE_IDENTIFIER = AndreaAmezcua.QueDijoUITests;
				PRODUCT_NAME = "$(TARGET_NAME)";
				SWIFT_VERSION = 4.0;
				TARGETED_DEVICE_FAMILY = "1,2";
				TEST_TARGET_NAME = QueDijo;
			};
			name = Debug;
		};
		65FE49A4239733700002F4D5 /* Release */ = {
			isa = XCBuildConfiguration;
			baseConfigurationReference = A1070AB6CFD441CE7E9C8170 /* Pods-QueDijoUITests.release.xcconfig */;
			buildSettings = {
				ALWAYS_EMBED_SWIFT_STANDARD_LIBRARIES = YES;
				CODE_SIGN_STYLE = Automatic;
				INFOPLIST_FILE = QueDijoUITests/Info.plist;
				LD_RUNPATH_SEARCH_PATHS = (
					"$(inherited)",
					"@executable_path/Frameworks",
					"@loader_path/Frameworks",
				);
				PRODUCT_BUNDLE_IDENTIFIER = AndreaAmezcua.QueDijoUITests;
				PRODUCT_NAME = "$(TARGET_NAME)";
				SWIFT_VERSION = 4.0;
				TARGETED_DEVICE_FAMILY = "1,2";
				TEST_TARGET_NAME = QueDijo;
			};
			name = Release;
		};
/* End XCBuildConfiguration section */

/* Begin XCConfigurationList section */
		65FE496F2397336E0002F4D5 /* Build configuration list for PBXProject "QueDijo" */ = {
			isa = XCConfigurationList;
			buildConfigurations = (
				65FE499A239733700002F4D5 /* Debug */,
				65FE499B239733700002F4D5 /* Release */,
			);
			defaultConfigurationIsVisible = 0;
			defaultConfigurationName = Release;
		};
		65FE499C239733700002F4D5 /* Build configuration list for PBXNativeTarget "QueDijo" */ = {
			isa = XCConfigurationList;
			buildConfigurations = (
				65FE499D239733700002F4D5 /* Debug */,
				65FE499E239733700002F4D5 /* Release */,
			);
			defaultConfigurationIsVisible = 0;
			defaultConfigurationName = Release;
		};
		65FE499F239733700002F4D5 /* Build configuration list for PBXNativeTarget "QueDijoTests" */ = {
			isa = XCConfigurationList;
			buildConfigurations = (
				65FE49A0239733700002F4D5 /* Debug */,
				65FE49A1239733700002F4D5 /* Release */,
			);
			defaultConfigurationIsVisible = 0;
			defaultConfigurationName = Release;
		};
		65FE49A2239733700002F4D5 /* Build configuration list for PBXNativeTarget "QueDijoUITests" */ = {
			isa = XCConfigurationList;
			buildConfigurations = (
				65FE49A3239733700002F4D5 /* Debug */,
				65FE49A4239733700002F4D5 /* Release */,
			);
			defaultConfigurationIsVisible = 0;
			defaultConfigurationName = Release;
		};
/* End XCConfigurationList section */
	};
	rootObject = 65FE496C2397336E0002F4D5 /* Project object */;
}
